
Microsoft Visual Studio Solution File, Format Version 12.00
# Visual Studio Version 16
VisualStudioVersion = 16.0.30711.63
MinimumVisualStudioVersion = 10.0.40219.1
Project("{9A19103F-16F7-4668-BE54-9A1E7A4F7556}") = "JsonToGraphConsoleApp", "JsonToGraphConsoleApp\JsonToGraphConsoleApp.csproj", "{6D89E1F2-D389-4CFD-95F4-846BD4F50BE8}"
EndProject
Project("{FAE04EC0-301F-11D3-BF4B-00C04F79EFBC}") = "Library", "Library\Library.csproj", "{85BF759F-7ACB-47A9-A3FB-877D0A8BC73A}"
EndProject
Global
	GlobalSection(SolutionConfigurationPlatforms) = preSolution
		Debug|Any CPU = Debug|Any CPU
		Release|Any CPU = Release|Any CPU
	EndGlobalSection
	GlobalSection(ProjectConfigurationPlatforms) = postSolution
		{6D89E1F2-D389-4CFD-95F4-846BD4F50BE8}.Debug|Any CPU.ActiveCfg = Debug|Any CPU
		{6D89E1F2-D389-4CFD-95F4-846BD4F50BE8}.Debug|Any CPU.Build.0 = Debug|Any CPU
		{6D89E1F2-D389-4CFD-95F4-846BD4F50BE8}.Release|Any CPU.ActiveCfg = Release|Any CPU
		{6D89E1F2-D389-4CFD-95F4-846BD4F50BE8}.Release|Any CPU.Build.0 = Release|Any CPU
		{85BF759F-7ACB-47A9-A3FB-877D0A8BC73A}.Debug|Any CPU.ActiveCfg = Debug|Any CPU
		{85BF759F-7ACB-47A9-A3FB-877D0A8BC73A}.Debug|Any CPU.Build.0 = Debug|Any CPU
		{85BF759F-7ACB-47A9-A3FB-877D0A8BC73A}.Release|Any CPU.ActiveCfg = Release|Any CPU
		{85BF759F-7ACB-47A9-A3FB-877D0A8BC73A}.Release|Any CPU.Build.0 = Release|Any CPU
	EndGlobalSection
	GlobalSection(SolutionProperties) = preSolution
		HideSolutionNode = FALSE
	EndGlobalSection
	GlobalSection(ExtensibilityGlobals) = postSolution
		SolutionGuid = {27709C69-36FA-4310-9C8F-C030E0907A9B}
	EndGlobalSection
EndGlobal
